
Microsoft Visual Studio Solution File, Format Version 12.00
# Visual Studio Version 17
VisualStudioVersion = 17.11.35327.3
MinimumVisualStudioVersion = 10.0.40219.1
Project("{FAE04EC0-301F-11D3-BF4B-00C04F79EFBC}") = "assigment 1", "assigment 1.csproj", "{6DF3D1D6-EA7A-437C-94E5-3625B53A1811}"
EndProject
Global
	GlobalSection(SolutionConfigurationPlatforms) = preSolution
		Debug|Any CPU = Debug|Any CPU
		Release|Any CPU = Release|Any CPU
	EndGlobalSection
	GlobalSection(ProjectConfigurationPlatforms) = postSolution
		{6DF3D1D6-EA7A-437C-94E5-3625B53A1811}.Debug|Any CPU.ActiveCfg = Debug|Any CPU
		{6DF3D1D6-EA7A-437C-94E5-3625B53A1811}.Debug|Any CPU.Build.0 = Debug|Any CPU
		{6DF3D1D6-EA7A-437C-94E5-3625B53A1811}.Release|Any CPU.ActiveCfg = Release|Any CPU
		{6DF3D1D6-EA7A-437C-94E5-3625B53A1811}.Release|Any CPU.Build.0 = Release|Any CPU
	EndGlobalSection
	GlobalSection(SolutionProperties) = preSolution
		HideSolutionNode = FALSE
	EndGlobalSection
	GlobalSection(ExtensibilityGlobals) = postSolution
		SolutionGuid = {C9FC780E-ADB2-4C1A-BD93-EC2A51E62D02}
	EndGlobalSection
EndGlobal
